
Microsoft Visual Studio Solution File, Format Version 12.00
# Visual Studio Version 17
VisualStudioVersion = 17.6.33815.320
MinimumVisualStudioVersion = 10.0.40219.1
Project("{2150E333-8FDC-42A3-9474-1A3956D46DE8}") = "Kms.Domain", "Kms.Domain", "{3F4B2016-F1D4-4751-899E-531556950E12}"
EndProject
Project("{2150E333-8FDC-42A3-9474-1A3956D46DE8}") = "Kms.DataLayer", "Kms.DataLayer", "{581F5970-BACD-4DBE-8EAA-84E55D888403}"
EndProject
Project("{2150E333-8FDC-42A3-9474-1A3956D46DE8}") = "kms.Application", "kms.Application", "{49602F0B-9318-40AE-9DFD-7568DE186B7C}"
EndProject
Project("{2150E333-8FDC-42A3-9474-1A3956D46DE8}") = "Kms.IoC", "Kms.IoC", "{CCADC1FA-BF74-4AB2-8871-BBE66C7247F1}"
EndProject
Project("{2150E333-8FDC-42A3-9474-1A3956D46DE8}") = "Kms.Presentation", "Kms.Presentation", "{AE899F09-69A4-49D1-9045-C6D61626316D}"
EndProject
Project("{9A19103F-16F7-4668-BE54-9A1E7A4F7556}") = "Kms.Domain", "Kms.Domain\Kms.Domain.csproj", "{3B310CF7-3D58-4FE0-9D22-BCE48B5D5238}"
EndProject
Project("{9A19103F-16F7-4668-BE54-9A1E7A4F7556}") = "Kms.DataLayer", "Kms.DataLayer\Kms.DataLayer.csproj", "{CC6E49F3-F8E0-4F62-B8EE-3F07AB0650BF}"
EndProject
Project("{9A19103F-16F7-4668-BE54-9A1E7A4F7556}") = "Kms.Application", "Kms.Application\Kms.Application.csproj", "{9FC8F5D4-BAEF-4488-AFA2-8EDB06C496E3}"
EndProject
Project("{9A19103F-16F7-4668-BE54-9A1E7A4F7556}") = "Kms.IoC", "Kms.IoC\Kms.IoC.csproj", "{BC1C8210-D27B-4135-9B06-31C01000A804}"
EndProject
Project("{9A19103F-16F7-4668-BE54-9A1E7A4F7556}") = "Kms.Api", "Kms.Api\Kms.Api.csproj", "{FFEA8E22-17DD-48BB-952B-40CBFC459A79}"
EndProject
Project("{2150E333-8FDC-42A3-9474-1A3956D46DE8}") = "Kms.Common", "Kms.Common", "{77880205-68D9-4C76-84E3-0CF6D5B41EC1}"
EndProject
Project("{FAE04EC0-301F-11D3-BF4B-00C04F79EFBC}") = "Common", "Common\Common.csproj", "{BA515DD1-F2E2-49BA-88C8-7B130ED0D4D4}"
EndProject
Project("{E24C65DC-7377-472B-9ABA-BC803B73C61A}") = "WikiFrontEnd", "WikiFrontEnd\", "{AB4FC466-4937-2E09-CADA-C3103B097274}"
	ProjectSection(WebsiteProperties) = preProject
		TargetFrameworkMoniker = ".NETFramework,Version%3Dv4.0"
		Debug.AspNetCompiler.VirtualPath = "/localhost_57006"
		Debug.AspNetCompiler.PhysicalPath = "WikiFrontEnd\"
		Debug.AspNetCompiler.TargetPath = "PrecompiledWeb\localhost_57006\"
		Debug.AspNetCompiler.Updateable = "true"
		Debug.AspNetCompiler.ForceOverwrite = "true"
		Debug.AspNetCompiler.FixedNames = "false"
		Debug.AspNetCompiler.Debug = "True"
		Release.AspNetCompiler.VirtualPath = "/localhost_57006"
		Release.AspNetCompiler.PhysicalPath = "WikiFrontEnd\"
		Release.AspNetCompiler.TargetPath = "PrecompiledWeb\localhost_57006\"
		Release.AspNetCompiler.Updateable = "true"
		Release.AspNetCompiler.ForceOverwrite = "true"
		Release.AspNetCompiler.FixedNames = "false"
		Release.AspNetCompiler.Debug = "False"
		VWDPort = "57006"
	EndProjectSection
EndProject
Global
	GlobalSection(SolutionConfigurationPlatforms) = preSolution
		Debug|Any CPU = Debug|Any CPU
		Release|Any CPU = Release|Any CPU
	EndGlobalSection
	GlobalSection(ProjectConfigurationPlatforms) = postSolution
		{3B310CF7-3D58-4FE0-9D22-BCE48B5D5238}.Debug|Any CPU.ActiveCfg = Debug|Any CPU
		{3B310CF7-3D58-4FE0-9D22-BCE48B5D5238}.Debug|Any CPU.Build.0 = Debug|Any CPU
		{3B310CF7-3D58-4FE0-9D22-BCE48B5D5238}.Release|Any CPU.ActiveCfg = Release|Any CPU
		{3B310CF7-3D58-4FE0-9D22-BCE48B5D5238}.Release|Any CPU.Build.0 = Release|Any CPU
		{CC6E49F3-F8E0-4F62-B8EE-3F07AB0650BF}.Debug|Any CPU.ActiveCfg = Debug|Any CPU
		{CC6E49F3-F8E0-4F62-B8EE-3F07AB0650BF}.Debug|Any CPU.Build.0 = Debug|Any CPU
		{CC6E49F3-F8E0-4F62-B8EE-3F07AB0650BF}.Release|Any CPU.ActiveCfg = Release|Any CPU
		{CC6E49F3-F8E0-4F62-B8EE-3F07AB0650BF}.Release|Any CPU.Build.0 = Release|Any CPU
		{9FC8F5D4-BAEF-4488-AFA2-8EDB06C496E3}.Debug|Any CPU.ActiveCfg = Debug|Any CPU
		{9FC8F5D4-BAEF-4488-AFA2-8EDB06C496E3}.Debug|Any CPU.Build.0 = Debug|Any CPU
		{9FC8F5D4-BAEF-4488-AFA2-8EDB06C496E3}.Release|Any CPU.ActiveCfg = Release|Any CPU
		{9FC8F5D4-BAEF-4488-AFA2-8EDB06C496E3}.Release|Any CPU.Build.0 = Release|Any CPU
		{BC1C8210-D27B-4135-9B06-31C01000A804}.Debug|Any CPU.ActiveCfg = Debug|Any CPU
		{BC1C8210-D27B-4135-9B06-31C01000A804}.Debug|Any CPU.Build.0 = Debug|Any CPU
		{BC1C8210-D27B-4135-9B06-31C01000A804}.Release|Any CPU.ActiveCfg = Release|Any CPU
		{BC1C8210-D27B-4135-9B06-31C01000A804}.Release|Any CPU.Build.0 = Release|Any CPU
		{FFEA8E22-17DD-48BB-952B-40CBFC459A79}.Debug|Any CPU.ActiveCfg = Debug|Any CPU
		{FFEA8E22-17DD-48BB-952B-40CBFC459A79}.Debug|Any CPU.Build.0 = Debug|Any CPU
		{FFEA8E22-17DD-48BB-952B-40CBFC459A79}.Release|Any CPU.ActiveCfg = Release|Any CPU
		{FFEA8E22-17DD-48BB-952B-40CBFC459A79}.Release|Any CPU.Build.0 = Release|Any CPU
		{BA515DD1-F2E2-49BA-88C8-7B130ED0D4D4}.Debug|Any CPU.ActiveCfg = Debug|Any CPU
		{BA515DD1-F2E2-49BA-88C8-7B130ED0D4D4}.Debug|Any CPU.Build.0 = Debug|Any CPU
		{BA515DD1-F2E2-49BA-88C8-7B130ED0D4D4}.Release|Any CPU.ActiveCfg = Release|Any CPU
		{BA515DD1-F2E2-49BA-88C8-7B130ED0D4D4}.Release|Any CPU.Build.0 = Release|Any CPU
		{AB4FC466-4937-2E09-CADA-C3103B097274}.Debug|Any CPU.ActiveCfg = Debug|Any CPU
		{AB4FC466-4937-2E09-CADA-C3103B097274}.Debug|Any CPU.Build.0 = Debug|Any CPU
		{AB4FC466-4937-2E09-CADA-C3103B097274}.Release|Any CPU.ActiveCfg = Debug|Any CPU
		{AB4FC466-4937-2E09-CADA-C3103B097274}.Release|Any CPU.Build.0 = Debug|Any CPU
	EndGlobalSection
	GlobalSection(SolutionProperties) = preSolution
		HideSolutionNode = FALSE
	EndGlobalSection
	GlobalSection(NestedProjects) = preSolution
		{3B310CF7-3D58-4FE0-9D22-BCE48B5D5238} = {3F4B2016-F1D4-4751-899E-531556950E12}
		{CC6E49F3-F8E0-4F62-B8EE-3F07AB0650BF} = {581F5970-BACD-4DBE-8EAA-84E55D888403}
		{9FC8F5D4-BAEF-4488-AFA2-8EDB06C496E3} = {49602F0B-9318-40AE-9DFD-7568DE186B7C}
		{BC1C8210-D27B-4135-9B06-31C01000A804} = {CCADC1FA-BF74-4AB2-8871-BBE66C7247F1}
		{FFEA8E22-17DD-48BB-952B-40CBFC459A79} = {AE899F09-69A4-49D1-9045-C6D61626316D}
		{BA515DD1-F2E2-49BA-88C8-7B130ED0D4D4} = {77880205-68D9-4C76-84E3-0CF6D5B41EC1}
		{AB4FC466-4937-2E09-CADA-C3103B097274} = {AE899F09-69A4-49D1-9045-C6D61626316D}
	EndGlobalSection
	GlobalSection(ExtensibilityGlobals) = postSolution
		SolutionGuid = {948E73A4-C77B-41CC-8E12-3AD8616D3F29}
	EndGlobalSection
EndGlobal
